// !$*UTF8*$!
{
	archiveVersion = 1;
	classes = {
	};
	objectVersion = 50;
	objects = {

/* Begin PBXBuildFile section */
		4739DAFB24A5BEF10062034A /* AppDelegate.swift in Sources */ = {isa = PBXBuildFile; fileRef = 4739DAFA24A5BEF10062034A /* AppDelegate.swift */; };
		4739DAFD24A5BEF10062034A /* SceneDelegate.swift in Sources */ = {isa = PBXBuildFile; fileRef = 4739DAFC24A5BEF10062034A /* SceneDelegate.swift */; };
		4739DAFF24A5BEF10062034A /* LandmarkDetail.swift in Sources */ = {isa = PBXBuildFile; fileRef = 4739DAFE24A5BEF10062034A /* LandmarkDetail.swift */; };
		4739DB0124A5BEF50062034A /* Assets.xcassets in Resources */ = {isa = PBXBuildFile; fileRef = 4739DB0024A5BEF50062034A /* Assets.xcassets */; };
		4739DB0424A5BEF50062034A /* Preview Assets.xcassets in Resources */ = {isa = PBXBuildFile; fileRef = 4739DB0324A5BEF50062034A /* Preview Assets.xcassets */; };
		4739DB0724A5BEF50062034A /* LaunchScreen.storyboard in Resources */ = {isa = PBXBuildFile; fileRef = 4739DB0524A5BEF50062034A /* LaunchScreen.storyboard */; };
		4739DB0F24A60EE60062034A /* CircleImage.swift in Sources */ = {isa = PBXBuildFile; fileRef = 4739DB0E24A60EE60062034A /* CircleImage.swift */; };
		4739DB1124A6110C0062034A /* MapView.swift in Sources */ = {isa = PBXBuildFile; fileRef = 4739DB1024A6110C0062034A /* MapView.swift */; };
		4739DB1524A618C20062034A /* Landmark.swift in Sources */ = {isa = PBXBuildFile; fileRef = 4739DB1424A618C20062034A /* Landmark.swift */; };
		4739DB1824A619750062034A /* landmarkData.json in Resources */ = {isa = PBXBuildFile; fileRef = 4739DB1724A619750062034A /* landmarkData.json */; };
		4739DB1A24A61B0D0062034A /* LandmarkRow.swift in Sources */ = {isa = PBXBuildFile; fileRef = 4739DB1924A61B0D0062034A /* LandmarkRow.swift */; };
		4739DB1C24A65BDB0062034A /* Data.swift in Sources */ = {isa = PBXBuildFile; fileRef = 4739DB1B24A65BDB0062034A /* Data.swift */; };
		4739DB2924A65F550062034A /* icybay.jpg in Resources */ = {isa = PBXBuildFile; fileRef = 4739DB1D24A65F540062034A /* icybay.jpg */; };
		4739DB2A24A65F560062034A /* chincoteague.jpg in Resources */ = {isa = PBXBuildFile; fileRef = 4739DB1E24A65F540062034A /* chincoteague.jpg */; };
		4739DB2B24A65F560062034A /* turtlerock.jpg in Resources */ = {isa = PBXBuildFile; fileRef = 4739DB1F24A65F540062034A /* turtlerock.jpg */; };
		4739DB2C24A65F560062034A /* silversalmoncreek.jpg in Resources */ = {isa = PBXBuildFile; fileRef = 4739DB2024A65F540062034A /* silversalmoncreek.jpg */; };
		4739DB2D24A65F560062034A /* chilkoottrail.jpg in Resources */ = {isa = PBXBuildFile; fileRef = 4739DB2124A65F540062034A /* chilkoottrail.jpg */; };
		4739DB2E24A65F560062034A /* yukon_charleyrivers.jpg in Resources */ = {isa = PBXBuildFile; fileRef = 4739DB2224A65F540062034A /* yukon_charleyrivers.jpg */; };
		4739DB2F24A65F560062034A /* hiddenlake.jpg in Resources */ = {isa = PBXBuildFile; fileRef = 4739DB2324A65F550062034A /* hiddenlake.jpg */; };
		4739DB3024A65F560062034A /* rainbowlake.jpg in Resources */ = {isa = PBXBuildFile; fileRef = 4739DB2424A65F550062034A /* rainbowlake.jpg */; };
		4739DB3124A65F560062034A /* stmarylake.jpg in Resources */ = {isa = PBXBuildFile; fileRef = 4739DB2524A65F550062034A /* stmarylake.jpg */; };
		4739DB3224A65F560062034A /* lakemcdonald.jpg in Resources */ = {isa = PBXBuildFile; fileRef = 4739DB2624A65F550062034A /* lakemcdonald.jpg */; };
		4739DB3324A65F560062034A /* twinlake.jpg in Resources */ = {isa = PBXBuildFile; fileRef = 4739DB2724A65F550062034A /* twinlake.jpg */; };
		4739DB3424A65F560062034A /* umbagog.jpg in Resources */ = {isa = PBXBuildFile; fileRef = 4739DB2824A65F550062034A /* umbagog.jpg */; };
		4739DB3624A663280062034A /* LandmarkList.swift in Sources */ = {isa = PBXBuildFile; fileRef = 4739DB3524A663280062034A /* LandmarkList.swift */; };
		4739DB3824A7701C0062034A /* charleyrivers.jpg in Resources */ = {isa = PBXBuildFile; fileRef = 4739DB3724A7701C0062034A /* charleyrivers.jpg */; };
		4739DB3A24A89A200062034A /* UserData.swift in Sources */ = {isa = PBXBuildFile; fileRef = 4739DB3924A89A200062034A /* UserData.swift */; };
		4739DB3C24A8BFCB0062034A /* Badge.swift in Sources */ = {isa = PBXBuildFile; fileRef = 4739DB3B24A8BFCB0062034A /* Badge.swift */; };
		4739DB3E24A8C0740062034A /* HexagonParameters.swift in Sources */ = {isa = PBXBuildFile; fileRef = 4739DB3D24A8C0740062034A /* HexagonParameters.swift */; };
		4739DB4024A8F1740062034A /* BadgeBackground.swift in Sources */ = {isa = PBXBuildFile; fileRef = 4739DB3F24A8F1740062034A /* BadgeBackground.swift */; };
		4739DB4224A8F1F50062034A /* BadgeSymbol.swift in Sources */ = {isa = PBXBuildFile; fileRef = 4739DB4124A8F1F50062034A /* BadgeSymbol.swift */; };
		4739DB4424A8F4330062034A /* RotatedBadgeSymbol.swift in Sources */ = {isa = PBXBuildFile; fileRef = 4739DB4324A8F4330062034A /* RotatedBadgeSymbol.swift */; };
		4739DB4624A908E70062034A /* HikeView.swift in Sources */ = {isa = PBXBuildFile; fileRef = 4739DB4524A908E70062034A /* HikeView.swift */; };
		4739DB4824A909550062034A /* HikeGraph.swift in Sources */ = {isa = PBXBuildFile; fileRef = 4739DB4724A909550062034A /* HikeGraph.swift */; };
		4739DB4A24A97F6A0062034A /* HikeDetail.swift in Sources */ = {isa = PBXBuildFile; fileRef = 4739DB4924A97F6A0062034A /* HikeDetail.swift */; };
		4739DB4C24A97F9A0062034A /* Hike.swift in Sources */ = {isa = PBXBuildFile; fileRef = 4739DB4B24A97F9A0062034A /* Hike.swift */; };
		4739DB4E24A9802D0062034A /* GraphCapsule.swift in Sources */ = {isa = PBXBuildFile; fileRef = 4739DB4D24A9802D0062034A /* GraphCapsule.swift */; };
		4739DB5024A980800062034A /* hikeData.json in Resources */ = {isa = PBXBuildFile; fileRef = 4739DB4F24A980800062034A /* hikeData.json */; };
/* End PBXBuildFile section */

/* Begin PBXFileReference section */
		4739DAF724A5BEF10062034A /* Landmarks.app */ = {isa = PBXFileReference; explicitFileType = wrapper.application; includeInIndex = 0; path = Landmarks.app; sourceTree = BUILT_PRODUCTS_DIR; };
		4739DAFA24A5BEF10062034A /* AppDelegate.swift */ = {isa = PBXFileReference; lastKnownFileType = sourcecode.swift; path = AppDelegate.swift; sourceTree = "<group>"; };
		4739DAFC24A5BEF10062034A /* SceneDelegate.swift */ = {isa = PBXFileReference; lastKnownFileType = sourcecode.swift; path = SceneDelegate.swift; sourceTree = "<group>"; };
		4739DAFE24A5BEF10062034A /* LandmarkDetail.swift */ = {isa = PBXFileReference; lastKnownFileType = sourcecode.swift; path = LandmarkDetail.swift; sourceTree = "<group>"; };
		4739DB0024A5BEF50062034A /* Assets.xcassets */ = {isa = PBXFileReference; lastKnownFileType = folder.assetcatalog; path = Assets.xcassets; sourceTree = "<group>"; };
		4739DB0324A5BEF50062034A /* Preview Assets.xcassets */ = {isa = PBXFileReference; lastKnownFileType = folder.assetcatalog; path = "Preview Assets.xcassets"; sourceTree = "<group>"; };
		4739DB0624A5BEF50062034A /* Base */ = {isa = PBXFileReference; lastKnownFileType = file.storyboard; name = Base; path = Base.lproj/LaunchScreen.storyboard; sourceTree = "<group>"; };
		4739DB0824A5BEF50062034A /* Info.plist */ = {isa = PBXFileReference; lastKnownFileType = text.plist.xml; path = Info.plist; sourceTree = "<group>"; };
		4739DB0E24A60EE60062034A /* CircleImage.swift */ = {isa = PBXFileReference; lastKnownFileType = sourcecode.swift; path = CircleImage.swift; sourceTree = "<group>"; };
		4739DB1024A6110C0062034A /* MapView.swift */ = {isa = PBXFileReference; lastKnownFileType = sourcecode.swift; path = MapView.swift; sourceTree = "<group>"; };
		4739DB1424A618C20062034A /* Landmark.swift */ = {isa = PBXFileReference; lastKnownFileType = sourcecode.swift; path = Landmark.swift; sourceTree = "<group>"; };
		4739DB1724A619750062034A /* landmarkData.json */ = {isa = PBXFileReference; lastKnownFileType = text.json; path = landmarkData.json; sourceTree = "<group>"; };
		4739DB1924A61B0D0062034A /* LandmarkRow.swift */ = {isa = PBXFileReference; lastKnownFileType = sourcecode.swift; path = LandmarkRow.swift; sourceTree = "<group>"; };
		4739DB1B24A65BDB0062034A /* Data.swift */ = {isa = PBXFileReference; lastKnownFileType = sourcecode.swift; path = Data.swift; sourceTree = "<group>"; };
		4739DB1D24A65F540062034A /* icybay.jpg */ = {isa = PBXFileReference; lastKnownFileType = image.jpeg; path = icybay.jpg; sourceTree = "<group>"; };
		4739DB1E24A65F540062034A /* chincoteague.jpg */ = {isa = PBXFileReference; lastKnownFileType = image.jpeg; path = chincoteague.jpg; sourceTree = "<group>"; };
		4739DB1F24A65F540062034A /* turtlerock.jpg */ = {isa = PBXFileReference; lastKnownFileType = image.jpeg; path = turtlerock.jpg; sourceTree = "<group>"; };
		4739DB2024A65F540062034A /* silversalmoncreek.jpg */ = {isa = PBXFileReference; lastKnownFileType = image.jpeg; path = silversalmoncreek.jpg; sourceTree = "<group>"; };
		4739DB2124A65F540062034A /* chilkoottrail.jpg */ = {isa = PBXFileReference; lastKnownFileType = image.jpeg; path = chilkoottrail.jpg; sourceTree = "<group>"; };
		4739DB2224A65F540062034A /* yukon_charleyrivers.jpg */ = {isa = PBXFileReference; lastKnownFileType = image.jpeg; path = yukon_charleyrivers.jpg; sourceTree = "<group>"; };
		4739DB2324A65F550062034A /* hiddenlake.jpg */ = {isa = PBXFileReference; lastKnownFileType = image.jpeg; path = hiddenlake.jpg; sourceTree = "<group>"; };
		4739DB2424A65F550062034A /* rainbowlake.jpg */ = {isa = PBXFileReference; lastKnownFileType = image.jpeg; path = rainbowlake.jpg; sourceTree = "<group>"; };
		4739DB2524A65F550062034A /* stmarylake.jpg */ = {isa = PBXFileReference; lastKnownFileType = image.jpeg; path = stmarylake.jpg; sourceTree = "<group>"; };
		4739DB2624A65F550062034A /* lakemcdonald.jpg */ = {isa = PBXFileReference; lastKnownFileType = image.jpeg; path = lakemcdonald.jpg; sourceTree = "<group>"; };
		4739DB2724A65F550062034A /* twinlake.jpg */ = {isa = PBXFileReference; lastKnownFileType = image.jpeg; path = twinlake.jpg; sourceTree = "<group>"; };
		4739DB2824A65F550062034A /* umbagog.jpg */ = {isa = PBXFileReference; lastKnownFileType = image.jpeg; path = umbagog.jpg; sourceTree = "<group>"; };
		4739DB3524A663280062034A /* LandmarkList.swift */ = {isa = PBXFileReference; lastKnownFileType = sourcecode.swift; path = LandmarkList.swift; sourceTree = "<group>"; };
		4739DB3724A7701C0062034A /* charleyrivers.jpg */ = {isa = PBXFileReference; lastKnownFileType = image.jpeg; path = charleyrivers.jpg; sourceTree = "<group>"; };
		4739DB3924A89A200062034A /* UserData.swift */ = {isa = PBXFileReference; lastKnownFileType = sourcecode.swift; path = UserData.swift; sourceTree = "<group>"; };
		4739DB3B24A8BFCB0062034A /* Badge.swift */ = {isa = PBXFileReference; lastKnownFileType = sourcecode.swift; path = Badge.swift; sourceTree = "<group>"; };
		4739DB3D24A8C0740062034A /* HexagonParameters.swift */ = {isa = PBXFileReference; lastKnownFileType = sourcecode.swift; path = HexagonParameters.swift; sourceTree = "<group>"; };
		4739DB3F24A8F1740062034A /* BadgeBackground.swift */ = {isa = PBXFileReference; lastKnownFileType = sourcecode.swift; path = BadgeBackground.swift; sourceTree = "<group>"; };
		4739DB4124A8F1F50062034A /* BadgeSymbol.swift */ = {isa = PBXFileReference; lastKnownFileType = sourcecode.swift; path = BadgeSymbol.swift; sourceTree = "<group>"; };
		4739DB4324A8F4330062034A /* RotatedBadgeSymbol.swift */ = {isa = PBXFileReference; lastKnownFileType = sourcecode.swift; path = RotatedBadgeSymbol.swift; sourceTree = "<group>"; };
		4739DB4524A908E70062034A /* HikeView.swift */ = {isa = PBXFileReference; lastKnownFileType = sourcecode.swift; path = HikeView.swift; sourceTree = "<group>"; };
		4739DB4724A909550062034A /* HikeGraph.swift */ = {isa = PBXFileReference; lastKnownFileType = sourcecode.swift; path = HikeGraph.swift; sourceTree = "<group>"; };
		4739DB4924A97F6A0062034A /* HikeDetail.swift */ = {isa = PBXFileReference; lastKnownFileType = sourcecode.swift; path = HikeDetail.swift; sourceTree = "<group>"; };
		4739DB4B24A97F9A0062034A /* Hike.swift */ = {isa = PBXFileReference; lastKnownFileType = sourcecode.swift; path = Hike.swift; sourceTree = "<group>"; };
		4739DB4D24A9802D0062034A /* GraphCapsule.swift */ = {isa = PBXFileReference; lastKnownFileType = sourcecode.swift; path = GraphCapsule.swift; sourceTree = "<group>"; };
		4739DB4F24A980800062034A /* hikeData.json */ = {isa = PBXFileReference; lastKnownFileType = text.json; path = hikeData.json; sourceTree = "<group>"; };
/* End PBXFileReference section */

/* Begin PBXFrameworksBuildPhase section */
		4739DAF424A5BEF10062034A /* Frameworks */ = {
			isa = PBXFrameworksBuildPhase;
			buildActionMask = 2147483647;
			files = (
			);
			runOnlyForDeploymentPostprocessing = 0;
		};
/* End PBXFrameworksBuildPhase section */

/* Begin PBXGroup section */
		4739DAEE24A5BEF10062034A = {
			isa = PBXGroup;
			children = (
				4739DAF924A5BEF10062034A /* Landmarks */,
				4739DAF824A5BEF10062034A /* Products */,
			);
			sourceTree = "<group>";
		};
		4739DAF824A5BEF10062034A /* Products */ = {
			isa = PBXGroup;
			children = (
				4739DAF724A5BEF10062034A /* Landmarks.app */,
			);
			name = Products;
			sourceTree = "<group>";
		};
		4739DAF924A5BEF10062034A /* Landmarks */ = {
			isa = PBXGroup;
			children = (
				4739DB1624A6195B0062034A /* Resources */,
				4739DB1324A6187C0062034A /* Models */,
				4739DB1224A618540062034A /* SupportingViews */,
				4739DAFA24A5BEF10062034A /* AppDelegate.swift */,
				4739DAFC24A5BEF10062034A /* SceneDelegate.swift */,
				4739DAFE24A5BEF10062034A /* LandmarkDetail.swift */,
				4739DB0024A5BEF50062034A /* Assets.xcassets */,
				4739DB0524A5BEF50062034A /* LaunchScreen.storyboard */,
				4739DB0824A5BEF50062034A /* Info.plist */,
				4739DB0224A5BEF50062034A /* Preview Content */,
				4739DB3524A663280062034A /* LandmarkList.swift */,
				4739DB3924A89A200062034A /* UserData.swift */,
				4739DB4524A908E70062034A /* HikeView.swift */,
				4739DB4924A97F6A0062034A /* HikeDetail.swift */,
			);
			path = Landmarks;
			sourceTree = "<group>";
		};
		4739DB0224A5BEF50062034A /* Preview Content */ = {
			isa = PBXGroup;
			children = (
				4739DB0324A5BEF50062034A /* Preview Assets.xcassets */,
			);
			path = "Preview Content";
			sourceTree = "<group>";
		};
		4739DB1224A618540062034A /* SupportingViews */ = {
			isa = PBXGroup;
			children = (
				4739DB4D24A9802D0062034A /* GraphCapsule.swift */,
				4739DB0E24A60EE60062034A /* CircleImage.swift */,
				4739DB1024A6110C0062034A /* MapView.swift */,
				4739DB1924A61B0D0062034A /* LandmarkRow.swift */,
				4739DB3B24A8BFCB0062034A /* Badge.swift */,
				4739DB3D24A8C0740062034A /* HexagonParameters.swift */,
				4739DB3F24A8F1740062034A /* BadgeBackground.swift */,
				4739DB4124A8F1F50062034A /* BadgeSymbol.swift */,
				4739DB4324A8F4330062034A /* RotatedBadgeSymbol.swift */,
				4739DB4724A909550062034A /* HikeGraph.swift */,
			);
			path = SupportingViews;
			sourceTree = "<group>";
		};
		4739DB1324A6187C0062034A /* Models */ = {
			isa = PBXGroup;
			children = (
				4739DB1424A618C20062034A /* Landmark.swift */,
				4739DB1B24A65BDB0062034A /* Data.swift */,
				4739DB4B24A97F9A0062034A /* Hike.swift */,
			);
			path = Models;
			sourceTree = "<group>";
		};
		4739DB1624A6195B0062034A /* Resources */ = {
			isa = PBXGroup;
			children = (
				4739DB2124A65F540062034A /* chilkoottrail.jpg */,
				4739DB1E24A65F540062034A /* chincoteague.jpg */,
				4739DB2324A65F550062034A /* hiddenlake.jpg */,
				4739DB1D24A65F540062034A /* icybay.jpg */,
				4739DB3724A7701C0062034A /* charleyrivers.jpg */,
				4739DB2624A65F550062034A /* lakemcdonald.jpg */,
				4739DB2424A65F550062034A /* rainbowlake.jpg */,
				4739DB2024A65F540062034A /* silversalmoncreek.jpg */,
				4739DB2524A65F550062034A /* stmarylake.jpg */,
				4739DB1F24A65F540062034A /* turtlerock.jpg */,
				4739DB2724A65F550062034A /* twinlake.jpg */,
				4739DB2824A65F550062034A /* umbagog.jpg */,
				4739DB2224A65F540062034A /* yukon_charleyrivers.jpg */,
				4739DB1724A619750062034A /* landmarkData.json */,
				4739DB4F24A980800062034A /* hikeData.json */,
			);
			path = Resources;
			sourceTree = "<group>";
		};
/* End PBXGroup section */

/* Begin PBXNativeTarget section */
		4739DAF624A5BEF10062034A /* Landmarks */ = {
			isa = PBXNativeTarget;
			buildConfigurationList = 4739DB0B24A5BEF50062034A /* Build configuration list for PBXNativeTarget "Landmarks" */;
			buildPhases = (
				4739DAF324A5BEF10062034A /* Sources */,
				4739DAF424A5BEF10062034A /* Frameworks */,
				4739DAF524A5BEF10062034A /* Resources */,
			);
			buildRules = (
			);
			dependencies = (
			);
			name = Landmarks;
			productName = Landmarks;
			productReference = 4739DAF724A5BEF10062034A /* Landmarks.app */;
			productType = "com.apple.product-type.application";
		};
/* End PBXNativeTarget section */

/* Begin PBXProject section */
		4739DAEF24A5BEF10062034A /* Project object */ = {
			isa = PBXProject;
			attributes = {
				LastSwiftUpdateCheck = 1150;
				LastUpgradeCheck = 1150;
				ORGANIZATIONNAME = "Henry Chukwu";
				TargetAttributes = {
					4739DAF624A5BEF10062034A = {
						CreatedOnToolsVersion = 11.5;
					};
				};
			};
			buildConfigurationList = 4739DAF224A5BEF10062034A /* Build configuration list for PBXProject "Landmarks" */;
			compatibilityVersion = "Xcode 9.3";
			developmentRegion = en;
			hasScannedForEncodings = 0;
			knownRegions = (
				en,
				Base,
			);
			mainGroup = 4739DAEE24A5BEF10062034A;
			productRefGroup = 4739DAF824A5BEF10062034A /* Products */;
			projectDirPath = "";
			projectRoot = "";
			targets = (
				4739DAF624A5BEF10062034A /* Landmarks */,
			);
		};
/* End PBXProject section */

/* Begin PBXResourcesBuildPhase section */
		4739DAF524A5BEF10062034A /* Resources */ = {
			isa = PBXResourcesBuildPhase;
			buildActionMask = 2147483647;
			files = (
				4739DB3224A65F560062034A /* lakemcdonald.jpg in Resources */,
				4739DB2A24A65F560062034A /* chincoteague.jpg in Resources */,
				4739DB3024A65F560062034A /* rainbowlake.jpg in Resources */,
				4739DB2D24A65F560062034A /* chilkoottrail.jpg in Resources */,
				4739DB5024A980800062034A /* hikeData.json in Resources */,
				4739DB3124A65F560062034A /* stmarylake.jpg in Resources */,
				4739DB0724A5BEF50062034A /* LaunchScreen.storyboard in Resources */,
				4739DB3324A65F560062034A /* twinlake.jpg in Resources */,
				4739DB3824A7701C0062034A /* charleyrivers.jpg in Resources */,
				4739DB2B24A65F560062034A /* turtlerock.jpg in Resources */,
				4739DB2E24A65F560062034A /* yukon_charleyrivers.jpg in Resources */,
				4739DB2F24A65F560062034A /* hiddenlake.jpg in Resources */,
				4739DB0424A5BEF50062034A /* Preview Assets.xcassets in Resources */,
				4739DB1824A619750062034A /* landmarkData.json in Resources */,
				4739DB3424A65F560062034A /* umbagog.jpg in Resources */,
				4739DB2C24A65F560062034A /* silversalmoncreek.jpg in Resources */,
				4739DB2924A65F550062034A /* icybay.jpg in Resources */,
				4739DB0124A5BEF50062034A /* Assets.xcassets in Resources */,
			);
			runOnlyForDeploymentPostprocessing = 0;
		};
/* End PBXResourcesBuildPhase section */

/* Begin PBXSourcesBuildPhase section */
		4739DAF324A5BEF10062034A /* Sources */ = {
			isa = PBXSourcesBuildPhase;
			buildActionMask = 2147483647;
			files = (
				4739DB4E24A9802D0062034A /* GraphCapsule.swift in Sources */,
				4739DB3E24A8C0740062034A /* HexagonParameters.swift in Sources */,
				4739DAFB24A5BEF10062034A /* AppDelegate.swift in Sources */,
				4739DB0F24A60EE60062034A /* CircleImage.swift in Sources */,
				4739DB4C24A97F9A0062034A /* Hike.swift in Sources */,
				4739DB3C24A8BFCB0062034A /* Badge.swift in Sources */,
				4739DB1124A6110C0062034A /* MapView.swift in Sources */,
				4739DB4624A908E70062034A /* HikeView.swift in Sources */,
				4739DAFD24A5BEF10062034A /* SceneDelegate.swift in Sources */,
				4739DB3624A663280062034A /* LandmarkList.swift in Sources */,
				4739DB4224A8F1F50062034A /* BadgeSymbol.swift in Sources */,
				4739DB4424A8F4330062034A /* RotatedBadgeSymbol.swift in Sources */,
				4739DAFF24A5BEF10062034A /* LandmarkDetail.swift in Sources */,
				4739DB4A24A97F6A0062034A /* HikeDetail.swift in Sources */,
				4739DB4024A8F1740062034A /* BadgeBackground.swift in Sources */,
				4739DB1A24A61B0D0062034A /* LandmarkRow.swift in Sources */,
				4739DB1524A618C20062034A /* Landmark.swift in Sources */,
				4739DB3A24A89A200062034A /* UserData.swift in Sources */,
				4739DB1C24A65BDB0062034A /* Data.swift in Sources */,
				4739DB4824A909550062034A /* HikeGraph.swift in Sources */,
			);
			runOnlyForDeploymentPostprocessing = 0;
		};
/* End PBXSourcesBuildPhase section */

/* Begin PBXVariantGroup section */
		4739DB0524A5BEF50062034A /* LaunchScreen.storyboard */ = {
			isa = PBXVariantGroup;
			children = (
				4739DB0624A5BEF50062034A /* Base */,
			);
			name = LaunchScreen.storyboard;
			sourceTree = "<group>";
		};
/* End PBXVariantGroup section */

/* Begin XCBuildConfiguration section */
		4739DB0924A5BEF50062034A /* Debug */ = {
			isa = XCBuildConfiguration;
			buildSettings = {
				ALWAYS_SEARCH_USER_PATHS = NO;
				CLANG_ANALYZER_NONNULL = YES;
				CLANG_ANALYZER_NUMBER_OBJECT_CONVERSION = YES_AGGRESSIVE;
				CLANG_CXX_LANGUAGE_STANDARD = "gnu++14";
				CLANG_CXX_LIBRARY = "libc++";
				CLANG_ENABLE_MODULES = YES;
				CLANG_ENABLE_OBJC_ARC = YES;
				CLANG_ENABLE_OBJC_WEAK = YES;
				CLANG_WARN_BLOCK_CAPTURE_AUTORELEASING = YES;
				CLANG_WARN_BOOL_CONVERSION = YES;
				CLANG_WARN_COMMA = YES;
				CLANG_WARN_CONSTANT_CONVERSION = YES;
				CLANG_WARN_DEPRECATED_OBJC_IMPLEMENTATIONS = YES;
				CLANG_WARN_DIRECT_OBJC_ISA_USAGE = YES_ERROR;
				CLANG_WARN_DOCUMENTATION_COMMENTS = YES;
				CLANG_WARN_EMPTY_BODY = YES;
				CLANG_WARN_ENUM_CONVERSION = YES;
				CLANG_WARN_INFINITE_RECURSION = YES;
				CLANG_WARN_INT_CONVERSION = YES;
				CLANG_WARN_NON_LITERAL_NULL_CONVERSION = YES;
				CLANG_WARN_OBJC_IMPLICIT_RETAIN_SELF = YES;
				CLANG_WARN_OBJC_LITERAL_CONVERSION = YES;
				CLANG_WARN_OBJC_ROOT_CLASS = YES_ERROR;
				CLANG_WARN_RANGE_LOOP_ANALYSIS = YES;
				CLANG_WARN_STRICT_PROTOTYPES = YES;
				CLANG_WARN_SUSPICIOUS_MOVE = YES;
				CLANG_WARN_UNGUARDED_AVAILABILITY = YES_AGGRESSIVE;
				CLANG_WARN_UNREACHABLE_CODE = YES;
				CLANG_WARN__DUPLICATE_METHOD_MATCH = YES;
				COPY_PHASE_STRIP = NO;
				DEBUG_INFORMATION_FORMAT = dwarf;
				ENABLE_STRICT_OBJC_MSGSEND = YES;
				ENABLE_TESTABILITY = YES;
				GCC_C_LANGUAGE_STANDARD = gnu11;
				GCC_DYNAMIC_NO_PIC = NO;
				GCC_NO_COMMON_BLOCKS = YES;
				GCC_OPTIMIZATION_LEVEL = 0;
				GCC_PREPROCESSOR_DEFINITIONS = (
					"DEBUG=1",
					"$(inherited)",
				);
				GCC_WARN_64_TO_32_BIT_CONVERSION = YES;
				GCC_WARN_ABOUT_RETURN_TYPE = YES_ERROR;
				GCC_WARN_UNDECLARED_SELECTOR = YES;
				GCC_WARN_UNINITIALIZED_AUTOS = YES_AGGRESSIVE;
				GCC_WARN_UNUSED_FUNCTION = YES;
				GCC_WARN_UNUSED_VARIABLE = YES;
				IPHONEOS_DEPLOYMENT_TARGET = 13.5;
				MTL_ENABLE_DEBUG_INFO = INCLUDE_SOURCE;
				MTL_FAST_MATH = YES;
				ONLY_ACTIVE_ARCH = YES;
				SDKROOT = iphoneos;
				SWIFT_ACTIVE_COMPILATION_CONDITIONS = DEBUG;
				SWIFT_OPTIMIZATION_LEVEL = "-Onone";
			};
			name = Debug;
		};
		4739DB0A24A5BEF50062034A /* Release */ = {
			isa = XCBuildConfiguration;
			buildSettings = {
				ALWAYS_SEARCH_USER_PATHS = NO;
				CLANG_ANALYZER_NONNULL = YES;
				CLANG_ANALYZER_NUMBER_OBJECT_CONVERSION = YES_AGGRESSIVE;
				CLANG_CXX_LANGUAGE_STANDARD = "gnu++14";
				CLANG_CXX_LIBRARY = "libc++";
				CLANG_ENABLE_MODULES = YES;
				CLANG_ENABLE_OBJC_ARC = YES;
				CLANG_ENABLE_OBJC_WEAK = YES;
				CLANG_WARN_BLOCK_CAPTURE_AUTORELEASING = YES;
				CLANG_WARN_BOOL_CONVERSION = YES;
				CLANG_WARN_COMMA = YES;
				CLANG_WARN_CONSTANT_CONVERSION = YES;
				CLANG_WARN_DEPRECATED_OBJC_IMPLEMENTATIONS = YES;
				CLANG_WARN_DIRECT_OBJC_ISA_USAGE = YES_ERROR;
				CLANG_WARN_DOCUMENTATION_COMMENTS = YES;
				CLANG_WARN_EMPTY_BODY = YES;
				CLANG_WARN_ENUM_CONVERSION = YES;
				CLANG_WARN_INFINITE_RECURSION = YES;
				CLANG_WARN_INT_CONVERSION = YES;
				CLANG_WARN_NON_LITERAL_NULL_CONVERSION = YES;
				CLANG_WARN_OBJC_IMPLICIT_RETAIN_SELF = YES;
				CLANG_WARN_OBJC_LITERAL_CONVERSION = YES;
				CLANG_WARN_OBJC_ROOT_CLASS = YES_ERROR;
				CLANG_WARN_RANGE_LOOP_ANALYSIS = YES;
				CLANG_WARN_STRICT_PROTOTYPES = YES;
				CLANG_WARN_SUSPICIOUS_MOVE = YES;
				CLANG_WARN_UNGUARDED_AVAILABILITY = YES_AGGRESSIVE;
				CLANG_WARN_UNREACHABLE_CODE = YES;
				CLANG_WARN__DUPLICATE_METHOD_MATCH = YES;
				COPY_PHASE_STRIP = NO;
				DEBUG_INFORMATION_FORMAT = "dwarf-with-dsym";
				ENABLE_NS_ASSERTIONS = NO;
				ENABLE_STRICT_OBJC_MSGSEND = YES;
				GCC_C_LANGUAGE_STANDARD = gnu11;
				GCC_NO_COMMON_BLOCKS = YES;
				GCC_WARN_64_TO_32_BIT_CONVERSION = YES;
				GCC_WARN_ABOUT_RETURN_TYPE = YES_ERROR;
				GCC_WARN_UNDECLARED_SELECTOR = YES;
				GCC_WARN_UNINITIALIZED_AUTOS = YES_AGGRESSIVE;
				GCC_WARN_UNUSED_FUNCTION = YES;
				GCC_WARN_UNUSED_VARIABLE = YES;
				IPHONEOS_DEPLOYMENT_TARGET = 13.5;
				MTL_ENABLE_DEBUG_INFO = NO;
				MTL_FAST_MATH = YES;
				SDKROOT = iphoneos;
				SWIFT_COMPILATION_MODE = wholemodule;
				SWIFT_OPTIMIZATION_LEVEL = "-O";
				VALIDATE_PRODUCT = YES;
			};
			name = Release;
		};
		4739DB0C24A5BEF50062034A /* Debug */ = {
			isa = XCBuildConfiguration;
			buildSettings = {
				ASSETCATALOG_COMPILER_APPICON_NAME = AppIcon;
				CODE_SIGN_STYLE = Automatic;
				DEVELOPMENT_ASSET_PATHS = "\"Landmarks/Preview Content\"";
				DEVELOPMENT_TEAM = JPNBUYVTC7;
				ENABLE_PREVIEWS = YES;
				INFOPLIST_FILE = Landmarks/Info.plist;
				LD_RUNPATH_SEARCH_PATHS = (
					"$(inherited)",
					"@executable_path/Frameworks",
				);
				PRODUCT_BUNDLE_IDENTIFIER = henry.Landmarks;
				PRODUCT_NAME = "$(TARGET_NAME)";
				SWIFT_VERSION = 5.0;
				TARGETED_DEVICE_FAMILY = "1,2";
			};
			name = Debug;
		};
		4739DB0D24A5BEF50062034A /* Release */ = {
			isa = XCBuildConfiguration;
			buildSettings = {
				ASSETCATALOG_COMPILER_APPICON_NAME = AppIcon;
				CODE_SIGN_STYLE = Automatic;
				DEVELOPMENT_ASSET_PATHS = "\"Landmarks/Preview Content\"";
				DEVELOPMENT_TEAM = JPNBUYVTC7;
				ENABLE_PREVIEWS = YES;
				INFOPLIST_FILE = Landmarks/Info.plist;
				LD_RUNPATH_SEARCH_PATHS = (
					"$(inherited)",
					"@executable_path/Frameworks",
				);
				PRODUCT_BUNDLE_IDENTIFIER = henry.Landmarks;
				PRODUCT_NAME = "$(TARGET_NAME)";
				SWIFT_VERSION = 5.0;
				TARGETED_DEVICE_FAMILY = "1,2";
			};
			name = Release;
		};
/* End XCBuildConfiguration section */

/* Begin XCConfigurationList section */
		4739DAF224A5BEF10062034A /* Build configuration list for PBXProject "Landmarks" */ = {
			isa = XCConfigurationList;
			buildConfigurations = (
				4739DB0924A5BEF50062034A /* Debug */,
				4739DB0A24A5BEF50062034A /* Release */,
			);
			defaultConfigurationIsVisible = 0;
			defaultConfigurationName = Release;
		};
		4739DB0B24A5BEF50062034A /* Build configuration list for PBXNativeTarget "Landmarks" */ = {
			isa = XCConfigurationList;
			buildConfigurations = (
				4739DB0C24A5BEF50062034A /* Debug */,
				4739DB0D24A5BEF50062034A /* Release */,
			);
			defaultConfigurationIsVisible = 0;
			defaultConfigurationName = Release;
		};
/* End XCConfigurationList section */
	};
	rootObject = 4739DAEF24A5BEF10062034A /* Project object */;
}
